version = 1
revision = 1
requires-python = ">=3.10"

[[package]]
name = "cel"
version = "0.1.0"
source = { virtual = "." }
dependencies = [
    { name = "mypy-protobuf" },
    { name = "protobuf" },
]

[package.metadata]
requires-dist = [
    { name = "mypy-protobuf", specifier = ">=3.6.0" },
    { name = "protobuf", specifier = "==6.31.0" },
]

[[package]]
name = "mypy-protobuf"
version = "3.6.0"
source = { registry = "https://pypi.org/simple" }
dependencies = [
    { name = "protobuf" },
    { name = "types-protobuf" },
]
sdist = { url = "https://files.pythonhosted.org/packages/4d/6f/282d64d66bf48ce60e38a6560753f784e0f88ab245ac2fb5e93f701a36cd/mypy-protobuf-3.6.0.tar.gz", hash = "sha256:02f242eb3409f66889f2b1a3aa58356ec4d909cdd0f93115622e9e70366eca3c", size = 24445 }
wheels = [
    { url = "https://files.pythonhosted.org/packages/e8/73/d6b999782ae22f16971cc05378b3b33f6a89ede3b9619e8366aa23484bca/mypy_protobuf-3.6.0-py3-none-any.whl", hash = "sha256:56176e4d569070e7350ea620262478b49b7efceba4103d468448f1d21492fd6c", size = 16434 },
]

[[package]]
name = "protobuf"
version = "6.31.0"
source = { registry = "https://pypi.org/simple" }
sdist = { url = "https://files.pythonhosted.org/packages/13/48/718c1e104a2e89970a8ff3b06d87e152834b576c570a6908f8c17ba88d65/protobuf-6.31.0.tar.gz", hash = "sha256:314fab1a6a316469dc2dd46f993cbbe95c861ea6807da910becfe7475bc26ffe", size = 441644 }
wheels = [
    { url = "https://files.pythonhosted.org/packages/b6/77/8671682038b08237c927215fa3296bc1c54e4086fe542c87017c1b626663/protobuf-6.31.0-cp310-abi3-win32.whl", hash = "sha256:10bd62802dfa0588649740a59354090eaf54b8322f772fbdcca19bc78d27f0d6", size = 423437 },
    { url = "https://files.pythonhosted.org/packages/e4/07/cc9b0cbf7593f6ef8cf87fa9b0e55cd74c5cb526dd89ad84aa7d6547ef8d/protobuf-6.31.0-cp310-abi3-win_amd64.whl", hash = "sha256:3e987c99fd634be8347246a02123250f394ba20573c953de133dc8b2c107dd71", size = 435118 },
    { url = "https://files.pythonhosted.org/packages/21/46/33f884aa8bc59114dc97e0d954ca4618c556483670236008c88fbb7e834f/protobuf-6.31.0-cp39-abi3-macosx_10_9_universal2.whl", hash = "sha256:2c812f0f96ceb6b514448cefeb1df54ec06dde456783f5099c0e2f8a0f2caa89", size = 425439 },
    { url = "https://files.pythonhosted.org/packages/9b/f2/9a676b50229ce37b12777d7b21de90ae7bc0f9505d07e72e2e8d47b8d165/protobuf-6.31.0-cp39-abi3-manylinux2014_aarch64.whl", hash = "sha256:67ce50195e4e584275623b8e6bc6d3d3dfd93924bf6116b86b3b8975ab9e4571", size = 321950 },
    { url = "https://files.pythonhosted.org/packages/a1/a7/243fa2d3c1b7675d54744b32dacf30356f4c27c0d3ad940ca8745a1c6b2c/protobuf-6.31.0-cp39-abi3-manylinux2014_x86_64.whl", hash = "sha256:5353e38844168a327acd2b2aa440044411cd8d1b6774d5701008bd1dba067c79", size = 320904 },
    { url = "https://files.pythonhosted.org/packages/ee/01/1ed1d482960a5718fd99c82f6d79120181947cfd4667ec3944d448ed44a3/protobuf-6.31.0-py3-none-any.whl", hash = "sha256:6ac2e82556e822c17a8d23aa1190bbc1d06efb9c261981da95c71c9da09e9e23", size = 168558 },
]

[[package]]
name = "types-protobuf"
version = "6.30.2.20250516"
source = { registry = "https://pypi.org/simple" }
sdist = { url = "https://files.pythonhosted.org/packages/ac/6c/5cf088aaa3927d1cc39910f60f220f5ff573ab1a6485b2836e8b26beb58c/types_protobuf-6.30.2.20250516.tar.gz", hash = "sha256:aecd1881770a9bb225ede66872ef7f0da4505edd0b193108edd9892e48d49a41", size = 62254 }
wheels = [
    { url = "https://files.pythonhosted.org/packages/c0/66/06a9c161f5dd5deb4f5c016ba29106a8f1903eb9a1ba77d407dd6588fecb/types_protobuf-6.30.2.20250516-py3-none-any.whl", hash = "sha256:8c226d05b5e8b2623111765fa32d6e648bbc24832b4c2fddf0fa340ba5d5b722", size = 76480 },
]
